# THIS IS AN AUTOGENERATED FILE. DO NOT EDIT THIS FILE DIRECTLY.
# yarn lockfile v1


"@babel/helper-validator-identifier@^7.14.9":
  version "7.14.9"
  resolved "https://registry.npmjs.org/@babel/helper-validator-identifier/-/helper-validator-identifier-7.14.9.tgz"
  integrity sha512-pQYxPY0UP6IHISRitNe8bsijHex4TWZXi2HwKVsjPiltzlhse2znVcm9Ace510VT1kxIHjGJCZZQBX2gJDbo0g==

"@babel/parser@^7.15.0":
  version "7.15.4"
  resolved "https://registry.npmjs.org/@babel/parser/-/parser-7.15.4.tgz"
  integrity sha512-xmzz+7fRpjrvDUj+GV7zfz/R3gSK2cOxGlazaXooxspCr539cbTXJKvBJzSVI2pPhcRGquoOtaIkKCsHQUiO3w==

"@babel/types@^7.15.0":
  version "7.15.4"
  resolved "https://registry.npmjs.org/@babel/types/-/types-7.15.4.tgz"
  integrity sha512-0f1HJFuGmmbrKTCZtbm3cU+b/AqdEYk5toj5iQur58xkVMlS0JWaKxTBSmCXd47uiN7vbcozAupm6Mvs80GNhw==
  dependencies:
    "@babel/helper-validator-identifier" "^7.14.9"
    to-fast-properties "^2.0.0"

"@ctrl/tinycolor@^3.4.0":
  version "3.4.1"
  resolved "https://registry.yarnpkg.com/@ctrl/tinycolor/-/tinycolor-3.4.1.tgz#75b4c27948c81e88ccd3a8902047bcd797f38d32"
  integrity sha512-ej5oVy6lykXsvieQtqZxCOaLT+xD4+QNarq78cIYISHmZXshCvROLudpQN3lfL8G0NL7plMSSK+zlyvCaIJ4Iw==

"@element-plus/icons-vue@^1.1.4":
  version "1.1.4"
  resolved "https://registry.yarnpkg.com/@element-plus/icons-vue/-/icons-vue-1.1.4.tgz#5d2788ea356f1458068e6d400e724ca5f3d29aca"
  integrity sha512-Iz/nHqdp1sFPmdzRwHkEQQA3lKvoObk8azgABZ81QUOpW9s/lUyQVUSh0tNtEPZXQlKwlSh7SPgoVxzrE0uuVQ==

"@floating-ui/core@^0.6.1":
  version "0.6.1"
  resolved "https://registry.yarnpkg.com/@floating-ui/core/-/core-0.6.1.tgz#aed861a1b6dbebadf14a9dd829ba67f4f3ae795c"
  integrity sha512-Y30eVMcZva8o84c0HcXAtDO4BEzPJMvF6+B7x7urL2xbAqVsGJhojOyHLaoQHQYjb6OkqRq5kO+zeySycQwKqg==

"@floating-ui/dom@^0.4.2":
  version "0.4.4"
  resolved "https://registry.yarnpkg.com/@floating-ui/dom/-/dom-0.4.4.tgz#e0919d23e40bcc84ce2ebe1b9701b211f2d84b3c"
  integrity sha512-0Ulu3B/dqQplUUSqnTx0foSrlYuMN+GTtlJWvNJwt6Fr7/PqmlR/Y08o6/+bxDWr6p3roBJRaQ51MDZsNmEhhw==
  dependencies:
    "@floating-ui/core" "^0.6.1"

"@popperjs/core@^2.11.4":
  version "2.11.5"
  resolved "https://registry.yarnpkg.com/@popperjs/core/-/core-2.11.5.tgz#db5a11bf66bdab39569719555b0f76e138d7bd64"
  integrity sha512-9X2obfABZuDVLCgPK9aX0a/x4jaOEweTTWE2+9sr0Qqqevj2Uv5XorvusThmc9XGYpS9yI+fhh8RTafBtGposw==

"@types/estree@^0.0.48":
  version "0.0.48"
  resolved "https://registry.npmjs.org/@types/estree/-/estree-0.0.48.tgz"
  integrity sha512-LfZwXoGUDo0C3me81HXgkBg5CTQYb6xzEl+fNmbO4JdRiSKQ8A0GD1OBBvKAIsbCUgoyAty7m99GqqMQe784ew==

"@types/lodash-es@^4.17.6":
  version "4.17.6"
  resolved "https://registry.yarnpkg.com/@types/lodash-es/-/lodash-es-4.17.6.tgz#c2ed4c8320ffa6f11b43eb89e9eaeec65966a0a0"
  integrity sha512-R+zTeVUKDdfoRxpAryaQNRKk3105Rrgx2CFRClIgRGaqDTdjsm8h6IYA8ir584W3ePzkZfst5xIgDwYrlh9HLg==
  dependencies:
    "@types/lodash" "*"

"@types/lodash@*", "@types/lodash@^4.14.181":
  version "4.14.181"
  resolved "https://registry.yarnpkg.com/@types/lodash/-/lodash-4.14.181.tgz#d1d3740c379fda17ab175165ba04e2d03389385d"
  integrity sha512-n3tyKthHJbkiWhDZs3DkhkCzt2MexYHXlX0td5iMplyfwketaOeKboEVBqzceH7juqvEg3q5oUoBFxSLu7zFag==

"@vitejs/plugin-vue@^1.6.0":
  version "1.6.0"
  resolved "https://registry.npmjs.org/@vitejs/plugin-vue/-/plugin-vue-1.6.0.tgz"
  integrity sha512-n3i8htn8pTg9M+kM3cnEfsPZx/6ngInlTroth6fA1LQTJq5aTVQ8ggaE5pPoAy9vCgHPtcaXMzwpldhqRAkebQ==

"@vue/compiler-core@3.2.8":
  version "3.2.8"
  resolved "https://registry.npmjs.org/@vue/compiler-core/-/compiler-core-3.2.8.tgz"
  integrity sha512-Sx8qJ030+QM/NakUrkQuUGCeDEb+0d0AgFOl5W4qRvR6e+YgLnW2ew0jREf4T1hak9Fdk8Edl67StECHrhEuew==
  dependencies:
    "@babel/parser" "^7.15.0"
    "@babel/types" "^7.15.0"
    "@vue/shared" "3.2.8"
    estree-walker "^2.0.2"
    source-map "^0.6.1"

"@vue/compiler-dom@3.2.8":
  version "3.2.8"
  resolved "https://registry.npmjs.org/@vue/compiler-dom/-/compiler-dom-3.2.8.tgz"
  integrity sha512-nxBW6k8FMWQ74294CRbqR+iEJRO5vIjx85I3YCOyZFD6FsDHyFL60g76TcJzucp+F2XXIDaYz+A+F4gQlDatjw==
  dependencies:
    "@vue/compiler-core" "3.2.8"
    "@vue/shared" "3.2.8"

"@vue/compiler-sfc@^3.2.6":
  version "3.2.8"
  resolved "https://registry.npmjs.org/@vue/compiler-sfc/-/compiler-sfc-3.2.8.tgz"
  integrity sha512-XClueQAXoWtN2EToKgfYH9FCL70Ac4bxx6OZFZzxYSg1bei8IB9srJP1UOfnJb2IpnM1heikAz1dp1HI1wHcyQ==
  dependencies:
    "@babel/parser" "^7.15.0"
    "@babel/types" "^7.15.0"
    "@types/estree" "^0.0.48"
    "@vue/compiler-core" "3.2.8"
    "@vue/compiler-dom" "3.2.8"
    "@vue/compiler-ssr" "3.2.8"
    "@vue/ref-transform" "3.2.8"
    "@vue/shared" "3.2.8"
    consolidate "^0.16.0"
    estree-walker "^2.0.2"
    hash-sum "^2.0.0"
    lru-cache "^5.1.1"
    magic-string "^0.25.7"
    merge-source-map "^1.1.0"
    postcss "^8.1.10"
    postcss-modules "^4.0.0"
    postcss-selector-parser "^6.0.4"
    source-map "^0.6.1"

"@vue/compiler-ssr@3.2.8":
  version "3.2.8"
  resolved "https://registry.npmjs.org/@vue/compiler-ssr/-/compiler-ssr-3.2.8.tgz"
  integrity sha512-QqyiFRiIl55W0abDNQ6cNG/7iIfBHmbXVtssUAjX3IlI87ELeT0xackmrCyTSnfIX12ixljg9AN0COIZwlvt5A==
  dependencies:
    "@vue/compiler-dom" "3.2.8"
    "@vue/shared" "3.2.8"

"@vue/reactivity@3.2.8":
  version "3.2.8"
  resolved "https://registry.npmjs.org/@vue/reactivity/-/reactivity-3.2.8.tgz"
  integrity sha512-/Hj3Uz28SG+xB5SDWPOXUs0emvHkq82EmTgk44/plTVFeswCZ3i3Hd7WmsrPT4rGajlDKd5uqMmW0ith1ED0FA==
  dependencies:
    "@vue/shared" "3.2.8"

"@vue/ref-transform@3.2.8":
  version "3.2.8"
  resolved "https://registry.npmjs.org/@vue/ref-transform/-/ref-transform-3.2.8.tgz"
  integrity sha512-9LdADd4JM3klt+b2qNT8a7b7JvBETNBy2Btv5rDzyPrAVS4Vrw+1WWay6gZBgnxfJ9TPSvG8f/9zu6gNGHmJLA==
  dependencies:
    "@babel/parser" "^7.15.0"
    "@vue/compiler-core" "3.2.8"
    "@vue/shared" "3.2.8"
    estree-walker "^2.0.2"
    magic-string "^0.25.7"

"@vue/runtime-core@3.2.8":
  version "3.2.8"
  resolved "https://registry.npmjs.org/@vue/runtime-core/-/runtime-core-3.2.8.tgz"
  integrity sha512-hwzXLGw1njBEY5JSyRXIIdCtzMFFF6F38WcKMmoIE3p7da30jEbWt8EwwrBomjT8ZbqzElOGlewBcnXNOiiIUg==
  dependencies:
    "@vue/reactivity" "3.2.8"
    "@vue/shared" "3.2.8"

"@vue/runtime-dom@3.2.8":
  version "3.2.8"
  resolved "https://registry.npmjs.org/@vue/runtime-dom/-/runtime-dom-3.2.8.tgz"
  integrity sha512-A/aRrlGLJ5y4Z7eNbnO/xHwx2RiPijQo7D3OIwESroG3HNP+dpuoqamajo5TXS9ZGjbMOih82COoe7xb9P4BZw==
  dependencies:
    "@vue/runtime-core" "3.2.8"
    "@vue/shared" "3.2.8"
    csstype "^2.6.8"

"@vue/shared@3.2.8":
  version "3.2.8"
  resolved "https://registry.npmjs.org/@vue/shared/-/shared-3.2.8.tgz"
  integrity sha512-E2DQQnG7Qr4GwTs3GlfPPlHliGVADoufTnhpwfoViw7JlyLMmYtjfnTwM6nXAwvSJWiF7D+7AxpnWBBT3VWo6Q==

"@vueuse/core@^8.2.4":
  version "8.2.6"
  resolved "https://registry.yarnpkg.com/@vueuse/core/-/core-8.2.6.tgz#baf674acadd678b0429c60477213c6dab08ea9e0"
  integrity sha512-fzlpM3B5oVe+UhCT1mXlhG1Zxdq2lq1Z2AvddSB8+RxrsSFzII7DKfsQEz8Vop7Lzc++4m8drTNbhPovYoFqHw==
  dependencies:
    "@vueuse/metadata" "8.2.6"
    "@vueuse/shared" "8.2.6"
    vue-demi "*"

"@vueuse/metadata@8.2.6":
  version "8.2.6"
  resolved "https://registry.yarnpkg.com/@vueuse/metadata/-/metadata-8.2.6.tgz#0e649ff5c784ac73d35f44f9758fac33f62e3e3f"
  integrity sha512-OBKtafCt+4RcEJlYDCjp1vl65pBCL2g4TmipEtdZ8/qphKlW6nakJbkY7XRN5grPmjqU99/ahJGtyGk5NHS2hw==

"@vueuse/shared@8.2.6":
  version "8.2.6"
  resolved "https://registry.yarnpkg.com/@vueuse/shared/-/shared-8.2.6.tgz#7cbf2bdd576f86d888014272982a7c84b7015d21"
  integrity sha512-J/W4CMfdL8TahELuSOgtfVO4eQXTjhigp7dVWIBsLUVFCeY9d49gvHUcQN3y5xYLZ6iNP57TjTQjMMT/zhklkw==
  dependencies:
    vue-demi "*"

async-validator@^4.0.7:
  version "4.0.7"
  resolved "https://registry.yarnpkg.com/async-validator/-/async-validator-4.0.7.tgz#034a0fd2103a6b2ebf010da75183bec299247afe"
  integrity sha512-Pj2IR7u8hmUEDOwB++su6baaRi+QvsgajuFB9j95foM1N2gy5HM4z60hfusIO0fBPG5uLAEl6yCJr1jNSVugEQ==

big.js@^5.2.2:
  version "5.2.2"
  resolved "https://registry.npmjs.org/big.js/-/big.js-5.2.2.tgz"
  integrity sha512-vyL2OymJxmarO8gxMr0mhChsO9QGwhynfuu4+MHTAW6czfq9humCB7rKpUjDd9YUiDPU4mzpyupFSvOClAwbmQ==

bluebird@^3.7.2:
  version "3.7.2"
  resolved "https://registry.npmjs.org/bluebird/-/bluebird-3.7.2.tgz"
  integrity sha512-XpNj6GDQzdfW+r2Wnn7xiSAd7TM3jzkxGXBGTtWKuSXv1xUV+azxAm8jdWZN06QTQk+2N2XB9jRDkvbmQmcRtg==

colorette@^1.2.2:
  version "1.3.0"
  resolved "https://registry.npmjs.org/colorette/-/colorette-1.3.0.tgz"
  integrity sha512-ecORCqbSFP7Wm8Y6lyqMJjexBQqXSF7SSeaTyGGphogUjBlFP9m9o08wy86HL2uB7fMTxtOUzLMk7ogKcxMg1w==

consolidate@^0.16.0:
  version "0.16.0"
  resolved "https://registry.npmjs.org/consolidate/-/consolidate-0.16.0.tgz"
  integrity sha512-Nhl1wzCslqXYTJVDyJCu3ODohy9OfBMB5uD2BiBTzd7w+QY0lBzafkR8y8755yMYHAaMD4NuzbAw03/xzfw+eQ==
  dependencies:
    bluebird "^3.7.2"

cssesc@^3.0.0:
  version "3.0.0"
  resolved "https://registry.npmjs.org/cssesc/-/cssesc-3.0.0.tgz"
  integrity sha512-/Tb/JcjK111nNScGob5MNtsntNM1aCNUDipB/TkwZFhyDrrE47SOx/18wF2bbjgc3ZzCSKW1T5nt5EbFoAz/Vg==

csstype@^2.6.8:
  version "2.6.17"
  resolved "https://registry.npmjs.org/csstype/-/csstype-2.6.17.tgz"
  integrity sha512-u1wmTI1jJGzCJzWndZo8mk4wnPTZd1eOIYTYvuEyOQGfmDl3TrabCCfKnOC86FZwW/9djqTl933UF/cS425i9A==

dayjs@^1.11.0:
  version "1.11.1"
  resolved "https://registry.yarnpkg.com/dayjs/-/dayjs-1.11.1.tgz#90b33a3dda3417258d48ad2771b415def6545eb0"
  integrity sha512-ER7EjqVAMkRRsxNCC5YqJ9d9VQYuWdGt7aiH2qA5R5wt8ZmWaP2dLUSIK6y/kVzLMlmh1Tvu5xUf4M/wdGJ5KA==

element-plus@^2.1.9:
  version "2.1.9"
  resolved "https://registry.yarnpkg.com/element-plus/-/element-plus-2.1.9.tgz#8779b041f32f871eef2f903ee4c0da16dfb13024"
  integrity sha512-6mWqS3YrmJPnouWP4otzL8+MehfOnDFqDbcIdnmC07p+Z0JkWe/CVKc4Wky8AYC8nyDMUQyiZYvooCbqGuM7pg==
  dependencies:
    "@ctrl/tinycolor" "^3.4.0"
    "@element-plus/icons-vue" "^1.1.4"
    "@floating-ui/dom" "^0.4.2"
    "@popperjs/core" "^2.11.4"
    "@types/lodash" "^4.14.181"
    "@types/lodash-es" "^4.17.6"
    "@vueuse/core" "^8.2.4"
    async-validator "^4.0.7"
    dayjs "^1.11.0"
    escape-html "^1.0.3"
    lodash "^4.17.21"
    lodash-es "^4.17.21"
    lodash-unified "^1.0.2"
    memoize-one "^6.0.0"
    normalize-wheel-es "^1.1.2"

emojis-list@^3.0.0:
  version "3.0.0"
  resolved "https://registry.npmjs.org/emojis-list/-/emojis-list-3.0.0.tgz"
  integrity sha512-/kyM18EfinwXZbno9FyUGeFh87KC8HRQBQGildHZbEuRyWFOmv1U10o9BBp8XVZDVNNuQKyIGIu5ZYAAXJ0V2Q==

esbuild@^0.12.17:
  version "0.12.25"
  resolved "https://registry.npmjs.org/esbuild/-/esbuild-0.12.25.tgz"
  integrity sha512-woie0PosbRSoN8gQytrdCzUbS2ByKgO8nD1xCZkEup3D9q92miCze4PqEI9TZDYAuwn6CruEnQpJxgTRWdooAg==

escape-html@^1.0.3:
  version "1.0.3"
  resolved "https://registry.yarnpkg.com/escape-html/-/escape-html-1.0.3.tgz#0258eae4d3d0c0974de1c169188ef0051d1d1988"
  integrity sha1-Aljq5NPQwJdN4cFpGI7wBR0dGYg=

estree-walker@^2.0.2:
  version "2.0.2"
  resolved "https://registry.npmjs.org/estree-walker/-/estree-walker-2.0.2.tgz"
  integrity sha512-Rfkk/Mp/DL7JVje3u18FxFujQlTNR2q6QfMSMB7AvCBx91NGj/ba3kCfza0f6dVDbw7YlRf/nDrn7pQrCCyQ/w==

fsevents@~2.3.2:
  version "2.3.2"
  resolved "https://registry.yarnpkg.com/fsevents/-/fsevents-2.3.2.tgz#8a526f78b8fdf4623b709e0b975c52c24c02fd1a"
  integrity sha512-xiqMQR4xAeHTuB9uWm+fFRcIOgKBMiOBP+eXiyT7jsgVCq1bkVygt00oASowB7EdtpOHaaPgKt812P9ab+DDKA==

function-bind@^1.1.1:
  version "1.1.1"
  resolved "https://registry.npmjs.org/function-bind/-/function-bind-1.1.1.tgz"
  integrity sha512-yIovAzMX49sF8Yl58fSCWJ5svSLuaibPxXQJFLmBObTuCr0Mf1KiPopGM9NiFjiYBCbfaa2Fh6breQ6ANVTI0A==

generic-names@^2.0.1:
  version "2.0.1"
  resolved "https://registry.npmjs.org/generic-names/-/generic-names-2.0.1.tgz"
  integrity sha512-kPCHWa1m9wGG/OwQpeweTwM/PYiQLrUIxXbt/P4Nic3LbGjCP0YwrALHW1uNLKZ0LIMg+RF+XRlj2ekT9ZlZAQ==
  dependencies:
    loader-utils "^1.1.0"

has@^1.0.3:
  version "1.0.3"
  resolved "https://registry.npmjs.org/has/-/has-1.0.3.tgz"
  integrity sha512-f2dvO0VU6Oej7RkWJGrehjbzMAjFp5/VKPp5tTpWIV4JHHZK1/BxbFRtf/siA2SWTe09caDmVtYYzWEIbBS4zw==
  dependencies:
    function-bind "^1.1.1"

hash-sum@^2.0.0:
  version "2.0.0"
  resolved "https://registry.npmjs.org/hash-sum/-/hash-sum-2.0.0.tgz"
  integrity sha512-WdZTbAByD+pHfl/g9QSsBIIwy8IT+EsPiKDs0KNX+zSHhdDLFKdZu0BQHljvO+0QI/BasbMSUa8wYNCZTvhslg==

icss-replace-symbols@^1.1.0:
  version "1.1.0"
  resolved "https://registry.npmjs.org/icss-replace-symbols/-/icss-replace-symbols-1.1.0.tgz"
  integrity sha1-Bupvg2ead0njhs/h/oEq5dsiPe0=

icss-utils@^5.0.0:
  version "5.1.0"
  resolved "https://registry.npmjs.org/icss-utils/-/icss-utils-5.1.0.tgz"
  integrity sha512-soFhflCVWLfRNOPU3iv5Z9VUdT44xFRbzjLsEzSr5AQmgqPMTHdU3PMT1Cf1ssx8fLNJDA1juftYl+PUcv3MqA==

inherits@2.0.3:
  version "2.0.3"
  resolved "https://repo.huaweicloud.com/repository/npm/inherits/-/inherits-2.0.3.tgz#633c2c83e3da42a502f52466022480f4208261de"
  integrity sha1-Yzwsg+PaQqUC9SRmAiSA9CCCYd4=

is-core-module@^2.2.0:
  version "2.6.0"
  resolved "https://registry.npmjs.org/is-core-module/-/is-core-module-2.6.0.tgz"
  integrity sha512-wShG8vs60jKfPWpF2KZRaAtvt3a20OAn7+IJ6hLPECpSABLcKtFKTTI4ZtH5QcBruBHlq+WsdHWyz0BCZW7svQ==
  dependencies:
    has "^1.0.3"

json5@^1.0.1:
  version "1.0.1"
  resolved "https://registry.npmjs.org/json5/-/json5-1.0.1.tgz"
  integrity sha512-aKS4WQjPenRxiQsC93MNfjx+nbF4PAdYzmd/1JIj8HYzqfbu86beTuNgXDzPknWk0n0uARlyewZo4s++ES36Ow==
  dependencies:
    minimist "^1.2.0"

loader-utils@^1.1.0:
  version "1.4.0"
  resolved "https://registry.npmjs.org/loader-utils/-/loader-utils-1.4.0.tgz"
  integrity sha512-qH0WSMBtn/oHuwjy/NucEgbx5dbxxnxup9s4PVXJUDHZBQY+s0NWA9rJf53RBnQZxfch7euUui7hpoAPvALZdA==
  dependencies:
    big.js "^5.2.2"
    emojis-list "^3.0.0"
    json5 "^1.0.1"

lodash-es@^4.17.21:
  version "4.17.21"
  resolved "https://registry.yarnpkg.com/lodash-es/-/lodash-es-4.17.21.tgz#43e626c46e6591b7750beb2b50117390c609e3ee"
  integrity sha512-mKnC+QJ9pWVzv+C4/U3rRsHapFfHvQFoFB92e52xeyGMcX6/OlIl78je1u8vePzYZSkkogMPJ2yjxxsb89cxyw==

lodash-unified@^1.0.2:
  version "1.0.2"
  resolved "https://registry.yarnpkg.com/lodash-unified/-/lodash-unified-1.0.2.tgz#bb2694db3533781e5cce984af60cfaea318b83c1"
  integrity sha512-OGbEy+1P+UT26CYi4opY4gebD8cWRDxAT6MAObIVQMiqYdxZr1g3QHWCToVsm31x2NkLS4K3+MC2qInaRMa39g==

lodash.camelcase@^4.3.0:
  version "4.3.0"
  resolved "https://registry.npmjs.org/lodash.camelcase/-/lodash.camelcase-4.3.0.tgz"
  integrity sha1-soqmKIorn8ZRA1x3EfZathkDMaY=

lodash@^4.17.21:
  version "4.17.21"
  resolved "https://registry.yarnpkg.com/lodash/-/lodash-4.17.21.tgz#679591c564c3bffaae8454cf0b3df370c3d6911c"
  integrity sha512-v2kDEe57lecTulaDIuNTPy3Ry4gLGJ6Z1O3vE1krgXZNrsQ+LFTGHVxVjcXPs17LhbZVGedAJv8XZ1tvj5FvSg==

lru-cache@^5.1.1:
  version "5.1.1"
  resolved "https://registry.npmjs.org/lru-cache/-/lru-cache-5.1.1.tgz"
  integrity sha512-KpNARQA3Iwv+jTA0utUVVbrh+Jlrr1Fv0e56GGzAFOXN7dk/FviaDW8LHmK52DlcH4WP2n6gI8vN1aesBFgo9w==
  dependencies:
    yallist "^3.0.2"

magic-string@^0.25.7:
  version "0.25.7"
  resolved "https://registry.npmjs.org/magic-string/-/magic-string-0.25.7.tgz"
  integrity sha512-4CrMT5DOHTDk4HYDlzmwu4FVCcIYI8gauveasrdCu2IKIFOJ3f0v/8MDGJCDL9oD2ppz/Av1b0Nj345H9M+XIA==
  dependencies:
    sourcemap-codec "^1.4.4"

memoize-one@^6.0.0:
  version "6.0.0"
  resolved "https://registry.yarnpkg.com/memoize-one/-/memoize-one-6.0.0.tgz#b2591b871ed82948aee4727dc6abceeeac8c1045"
  integrity sha512-rkpe71W0N0c0Xz6QD0eJETuWAJGnJ9afsl1srmwPrI+yBCkge5EycXXbYRyvL29zZVUWQCY7InPRCv3GDXuZNw==

merge-source-map@^1.1.0:
  version "1.1.0"
  resolved "https://registry.npmjs.org/merge-source-map/-/merge-source-map-1.1.0.tgz"
  integrity sha512-Qkcp7P2ygktpMPh2mCQZaf3jhN6D3Z/qVZHSdWvQ+2Ef5HgRAPBO57A77+ENm0CPx2+1Ce/MYKi3ymqdfuqibw==
  dependencies:
    source-map "^0.6.1"

minimist@^1.2.0:
  version "1.2.5"
  resolved "https://registry.npmjs.org/minimist/-/minimist-1.2.5.tgz"
  integrity sha512-FM9nNUYrRBAELZQT3xeZQ7fmMOBg6nWNmJKTcgsJeaLstP/UODVpGsr5OhXhhXg6f+qtJ8uiZ+PUxkDWcgIXLw==

nanoid@^3.1.23:
  version "3.1.25"
  resolved "https://registry.npmjs.org/nanoid/-/nanoid-3.1.25.tgz"
  integrity sha512-rdwtIXaXCLFAQbnfqDRnI6jaRHp9fTcYBjtFKE8eezcZ7LuLjhUaQGNeMXf1HmRoCH32CLz6XwX0TtxEOS/A3Q==

normalize-wheel-es@^1.1.2:
  version "1.1.2"
  resolved "https://registry.yarnpkg.com/normalize-wheel-es/-/normalize-wheel-es-1.1.2.tgz#285e43676a62d687bf145e33452ea6be435162d0"
  integrity sha512-scX83plWJXYH1J4+BhAuIHadROzxX0UBF3+HuZNY2Ks8BciE7tSTQ+5JhTsvzjaO0/EJdm4JBGrfObKxFf3Png==

path-parse@^1.0.6:
  version "1.0.7"
  resolved "https://registry.npmjs.org/path-parse/-/path-parse-1.0.7.tgz"
  integrity sha512-LDJzPVEEEPR+y48z93A0Ed0yXb8pAByGWo/k5YYdYgpY2/2EsOsksJrq7lOHxryrVOn1ejG6oAp8ahvOIQD8sw==

path@^0.12.7:
  version "0.12.7"
  resolved "https://repo.huaweicloud.com/repository/npm/path/-/path-0.12.7.tgz#d4dc2a506c4ce2197eb481ebfcd5b36c0140b10f"
  integrity sha1-1NwqUGxM4hl+tIHr/NWzbAFAsQ8=
  dependencies:
    process "^0.11.1"
    util "^0.10.3"

postcss-modules-extract-imports@^3.0.0:
  version "3.0.0"
  resolved "https://registry.npmjs.org/postcss-modules-extract-imports/-/postcss-modules-extract-imports-3.0.0.tgz"
  integrity sha512-bdHleFnP3kZ4NYDhuGlVK+CMrQ/pqUm8bx/oGL93K6gVwiclvX5x0n76fYMKuIGKzlABOy13zsvqjb0f92TEXw==

postcss-modules-local-by-default@^4.0.0:
  version "4.0.0"
  resolved "https://registry.npmjs.org/postcss-modules-local-by-default/-/postcss-modules-local-by-default-4.0.0.tgz"
  integrity sha512-sT7ihtmGSF9yhm6ggikHdV0hlziDTX7oFoXtuVWeDd3hHObNkcHRo9V3yg7vCAY7cONyxJC/XXCmmiHHcvX7bQ==
  dependencies:
    icss-utils "^5.0.0"
    postcss-selector-parser "^6.0.2"
    postcss-value-parser "^4.1.0"

postcss-modules-scope@^3.0.0:
  version "3.0.0"
  resolved "https://registry.npmjs.org/postcss-modules-scope/-/postcss-modules-scope-3.0.0.tgz"
  integrity sha512-hncihwFA2yPath8oZ15PZqvWGkWf+XUfQgUGamS4LqoP1anQLOsOJw0vr7J7IwLpoY9fatA2qiGUGmuZL0Iqlg==
  dependencies:
    postcss-selector-parser "^6.0.4"

postcss-modules-values@^4.0.0:
  version "4.0.0"
  resolved "https://registry.npmjs.org/postcss-modules-values/-/postcss-modules-values-4.0.0.tgz"
  integrity sha512-RDxHkAiEGI78gS2ofyvCsu7iycRv7oqw5xMWn9iMoR0N/7mf9D50ecQqUo5BZ9Zh2vH4bCUR/ktCqbB9m8vJjQ==
  dependencies:
    icss-utils "^5.0.0"

postcss-modules@^4.0.0:
  version "4.2.2"
  resolved "https://registry.npmjs.org/postcss-modules/-/postcss-modules-4.2.2.tgz"
  integrity sha512-/H08MGEmaalv/OU8j6bUKi/kZr2kqGF6huAW8m9UAgOLWtpFdhA14+gPBoymtqyv+D4MLsmqaF2zvIegdCxJXg==
  dependencies:
    generic-names "^2.0.1"
    icss-replace-symbols "^1.1.0"
    lodash.camelcase "^4.3.0"
    postcss-modules-extract-imports "^3.0.0"
    postcss-modules-local-by-default "^4.0.0"
    postcss-modules-scope "^3.0.0"
    postcss-modules-values "^4.0.0"
    string-hash "^1.1.1"

postcss-selector-parser@^6.0.2, postcss-selector-parser@^6.0.4:
  version "6.0.6"
  resolved "https://registry.npmjs.org/postcss-selector-parser/-/postcss-selector-parser-6.0.6.tgz"
  integrity sha512-9LXrvaaX3+mcv5xkg5kFwqSzSH1JIObIx51PrndZwlmznwXRfxMddDvo9gve3gVR8ZTKgoFDdWkbRFmEhT4PMg==
  dependencies:
    cssesc "^3.0.0"
    util-deprecate "^1.0.2"

postcss-value-parser@^4.1.0:
  version "4.1.0"
  resolved "https://registry.npmjs.org/postcss-value-parser/-/postcss-value-parser-4.1.0.tgz"
  integrity sha512-97DXOFbQJhk71ne5/Mt6cOu6yxsSfM0QGQyl0L25Gca4yGWEGJaig7l7gbCX623VqTBNGLRLaVUCnNkcedlRSQ==

postcss@^8.1.10, postcss@^8.3.6:
  version "8.3.6"
  resolved "https://registry.npmjs.org/postcss/-/postcss-8.3.6.tgz"
  integrity sha512-wG1cc/JhRgdqB6WHEuyLTedf3KIRuD0hG6ldkFEZNCjRxiC+3i6kkWUUbiJQayP28iwG35cEmAbe98585BYV0A==
  dependencies:
    colorette "^1.2.2"
    nanoid "^3.1.23"
    source-map-js "^0.6.2"

process@^0.11.1:
  version "0.11.10"
  resolved "https://repo.huaweicloud.com/repository/npm/process/-/process-0.11.10.tgz#7332300e840161bda3e69a1d1d91a7d4bc16f182"
  integrity sha1-czIwDoQBYb2j5podHZGn1LwW8YI=

resolve@^1.20.0:
  version "1.20.0"
  resolved "https://registry.npmjs.org/resolve/-/resolve-1.20.0.tgz"
  integrity sha512-wENBPt4ySzg4ybFQW2TT1zMQucPK95HSh/nq2CFTZVOGut2+pQvSsgtda4d26YrYcr067wjbmzOG8byDPBX63A==
  dependencies:
    is-core-module "^2.2.0"
    path-parse "^1.0.6"

rollup@^2.38.5:
  version "2.56.3"
  resolved "https://registry.npmjs.org/rollup/-/rollup-2.56.3.tgz"
  integrity sha512-Au92NuznFklgQCUcV96iXlxUbHuB1vQMaH76DHl5M11TotjOHwqk9CwcrT78+Tnv4FN9uTBxq6p4EJoYkpyekg==
  optionalDependencies:
    fsevents "~2.3.2"

source-map-js@^0.6.2:
  version "0.6.2"
  resolved "https://registry.npmjs.org/source-map-js/-/source-map-js-0.6.2.tgz"
  integrity sha512-/3GptzWzu0+0MBQFrDKzw/DvvMTUORvgY6k6jd/VS6iCR4RDTKWH6v6WPwQoUO8667uQEf9Oe38DxAYWY5F/Ug==

source-map@^0.6.1:
  version "0.6.1"
  resolved "https://registry.npmjs.org/source-map/-/source-map-0.6.1.tgz"
  integrity sha512-UjgapumWlbMhkBgzT7Ykc5YXUT46F0iKu8SGXq0bcwP5dz/h0Plj6enJqjz1Zbq2l5WaqYnrVbwWOWMyF3F47g==

sourcemap-codec@^1.4.4:
  version "1.4.8"
  resolved "https://registry.npmjs.org/sourcemap-codec/-/sourcemap-codec-1.4.8.tgz"
  integrity sha512-9NykojV5Uih4lgo5So5dtw+f0JgJX30KCNI8gwhz2J9A15wD0Ml6tjHKwf6fTSa6fAdVBdZeNOs9eJ71qCk8vA==

string-hash@^1.1.1:
  version "1.1.3"
  resolved "https://registry.npmjs.org/string-hash/-/string-hash-1.1.3.tgz"
  integrity sha1-6Kr8CsGFW0Zmkp7X3RJ1311sgRs=

three-orbitcontrols@^2.110.3:
  version "2.110.3"
  resolved "https://registry.npmjs.org/three-orbitcontrols/-/three-orbitcontrols-2.110.3.tgz"
  integrity sha512-BNNbksJwbN3/MmT0X/gjz5ZCchm7bjk26SUdtJYRxfEYjDfkb/0PeUTHE/KuyJ5vb/owK3mojyy3vcqDx99sRA==

three@^0.139.2:
  version "0.139.2"
  resolved "https://registry.npmjs.org/three/-/three-0.139.2.tgz"
  integrity sha512-gV7q7QY8rogu7HLFZR9cWnOQAUedUhu2WXAnpr2kdXZP9YDKsG/0ychwQvWkZN5PlNw9mv5MoCTin6zNTXoONg==

to-fast-properties@^2.0.0:
  version "2.0.0"
  resolved "https://registry.npmjs.org/to-fast-properties/-/to-fast-properties-2.0.0.tgz"
  integrity sha1-3F5pjL0HkmW8c+A3doGk5Og/YW4=

util-deprecate@^1.0.2:
  version "1.0.2"
  resolved "https://registry.npmjs.org/util-deprecate/-/util-deprecate-1.0.2.tgz"
  integrity sha1-RQ1Nyfpw3nMnYvvS1KKJgUGaDM8=

util@^0.10.3:
  version "0.10.4"
  resolved "https://repo.huaweicloud.com/repository/npm/util/-/util-0.10.4.tgz#3aa0125bfe668a4672de58857d3ace27ecb76901"
  integrity sha512-0Pm9hTQ3se5ll1XihRic3FDIku70C+iHUdT/W926rSgHV5QgXsYbKZN8MSC3tJtSkhuROzvsQjAaFENRXr+19A==
  dependencies:
    inherits "2.0.3"

vite@^2.5.2:
  version "2.5.3"
  resolved "https://registry.npmjs.org/vite/-/vite-2.5.3.tgz"
  integrity sha512-1wMDnjflvtTTkMov8O/Xb5+w1/VW/Gw8oCf8f6dqgHn8lMOEqq0SaPtFEQeikFcOKCfSbiU0nEi0LDIx6DNsaQ==
  dependencies:
    esbuild "^0.12.17"
    postcss "^8.3.6"
    resolve "^1.20.0"
    rollup "^2.38.5"
  optionalDependencies:
    fsevents "~2.3.2"

vue-demi@*:
  version "0.12.5"
  resolved "https://registry.yarnpkg.com/vue-demi/-/vue-demi-0.12.5.tgz#8eeed566a7d86eb090209a11723f887d28aeb2d1"
  integrity sha512-BREuTgTYlUr0zw0EZn3hnhC3I6gPWv+Kwh4MCih6QcAeaTlaIX0DwOVN0wHej7hSvDPecz4jygy/idsgKfW58Q==

vue@^3.2.8:
  version "3.2.8"
  resolved "https://registry.npmjs.org/vue/-/vue-3.2.8.tgz"
  integrity sha512-x7lwdnOSkceHQUXRVVHBaZzcp6v7M2CYtSZH75zZaT1mTjB4plC4KZHKP/5jAvdqOLBHZGwDSMkWXm3YbAufrA==
  dependencies:
    "@vue/compiler-dom" "3.2.8"
    "@vue/runtime-dom" "3.2.8"
    "@vue/shared" "3.2.8"

yallist@^3.0.2:
  version "3.1.1"
  resolved "https://registry.npmjs.org/yallist/-/yallist-3.1.1.tgz"
  integrity sha512-a4UGQaWPH59mOXUYnAG2ewncQS4i4F43Tv3JoAM+s2VDAmS9NsK8GpDMLrCHPksFT7h3K6TOoUNn2pb7RoXx4g==

yarn@^1.22.18:
  version "1.22.18"
  resolved "https://registry.npmjs.org/yarn/-/yarn-1.22.18.tgz"
  integrity sha512-oFffv6Jp2+BTUBItzx1Z0dpikTX+raRdqupfqzeMKnoh7WD6RuPAxcqDkMUy9vafJkrB0YaV708znpuMhEBKGQ==
